
Microsoft Visual Studio Solution File, Format Version 12.00
# Visual Studio 15
VisualStudioVersion = 15.0.28307.902
MinimumVisualStudioVersion = 10.0.40219.1
Project("{FAE04EC0-301F-11D3-BF4B-00C04F79EFBC}") = "Task-14", "Task-14\Task-14.csproj", "{B2772E8A-25BC-4D7B-891A-8A76EB4C2E72}"
EndProject
Project("{FAE04EC0-301F-11D3-BF4B-00C04F79EFBC}") = "Task-11", "Task-11\Task-11.csproj", "{93B2B5A8-9AA9-46B4-B631-2B72A24BF30D}"
EndProject
Project("{FAE04EC0-301F-11D3-BF4B-00C04F79EFBC}") = "Task-12", "Task-12\Task-12.csproj", "{3869FF9F-3039-4C7D-814F-69E9F5FC611A}"
EndProject
Project("{FAE04EC0-301F-11D3-BF4B-00C04F79EFBC}") = "Task-13", "Task-13\Task-13.csproj", "{75A454F8-85BD-460D-81B6-B9425A51D85B}"
EndProject
Global
	GlobalSection(SolutionConfigurationPlatforms) = preSolution
		Debug|Any CPU = Debug|Any CPU
		Release|Any CPU = Release|Any CPU
	EndGlobalSection
	GlobalSection(ProjectConfigurationPlatforms) = postSolution
		{B2772E8A-25BC-4D7B-891A-8A76EB4C2E72}.Debug|Any CPU.ActiveCfg = Debug|Any CPU
		{B2772E8A-25BC-4D7B-891A-8A76EB4C2E72}.Debug|Any CPU.Build.0 = Debug|Any CPU
		{B2772E8A-25BC-4D7B-891A-8A76EB4C2E72}.Release|Any CPU.ActiveCfg = Release|Any CPU
		{B2772E8A-25BC-4D7B-891A-8A76EB4C2E72}.Release|Any CPU.Build.0 = Release|Any CPU
		{93B2B5A8-9AA9-46B4-B631-2B72A24BF30D}.Debug|Any CPU.ActiveCfg = Debug|Any CPU
		{93B2B5A8-9AA9-46B4-B631-2B72A24BF30D}.Debug|Any CPU.Build.0 = Debug|Any CPU
		{93B2B5A8-9AA9-46B4-B631-2B72A24BF30D}.Release|Any CPU.ActiveCfg = Release|Any CPU
		{93B2B5A8-9AA9-46B4-B631-2B72A24BF30D}.Release|Any CPU.Build.0 = Release|Any CPU
		{3869FF9F-3039-4C7D-814F-69E9F5FC611A}.Debug|Any CPU.ActiveCfg = Debug|Any CPU
		{3869FF9F-3039-4C7D-814F-69E9F5FC611A}.Debug|Any CPU.Build.0 = Debug|Any CPU
		{3869FF9F-3039-4C7D-814F-69E9F5FC611A}.Release|Any CPU.ActiveCfg = Release|Any CPU
		{3869FF9F-3039-4C7D-814F-69E9F5FC611A}.Release|Any CPU.Build.0 = Release|Any CPU
		{75A454F8-85BD-460D-81B6-B9425A51D85B}.Debug|Any CPU.ActiveCfg = Debug|Any CPU
		{75A454F8-85BD-460D-81B6-B9425A51D85B}.Debug|Any CPU.Build.0 = Debug|Any CPU
		{75A454F8-85BD-460D-81B6-B9425A51D85B}.Release|Any CPU.ActiveCfg = Release|Any CPU
		{75A454F8-85BD-460D-81B6-B9425A51D85B}.Release|Any CPU.Build.0 = Release|Any CPU
	EndGlobalSection
	GlobalSection(SolutionProperties) = preSolution
		HideSolutionNode = FALSE
	EndGlobalSection
	GlobalSection(ExtensibilityGlobals) = postSolution
		SolutionGuid = {FE110472-016D-453E-8803-53479C2605B4}
	EndGlobalSection
EndGlobal
