
Microsoft Visual Studio Solution File, Format Version 12.00
# Visual Studio Version 16
VisualStudioVersion = 16.0.29424.173
MinimumVisualStudioVersion = 10.0.40219.1
Project("{FAE04EC0-301F-11D3-BF4B-00C04F79EFBC}") = "ConsoleIO_Lib", "ConsoleIO_Lib\ConsoleIO_Lib.csproj", "{E17D154C-E7FC-4D70-AB93-58970DF73405}"
EndProject
Project("{FAE04EC0-301F-11D3-BF4B-00C04F79EFBC}") = "MainMenu", "MainMenu\MainMenu.csproj", "{11CC2A5F-5656-4DC7-8CCE-BA60CE46E653}"
EndProject
Project("{FAE04EC0-301F-11D3-BF4B-00C04F79EFBC}") = "Lesson-4_Lib", "Lesson-4_Lib\Lesson-4_Lib.csproj", "{FFCDAFC5-49BA-48AD-B6B6-9A2A6EE2479F}"
EndProject
Global
	GlobalSection(SolutionConfigurationPlatforms) = preSolution
		Debug|Any CPU = Debug|Any CPU
		Release|Any CPU = Release|Any CPU
	EndGlobalSection
	GlobalSection(ProjectConfigurationPlatforms) = postSolution
		{E17D154C-E7FC-4D70-AB93-58970DF73405}.Debug|Any CPU.ActiveCfg = Debug|Any CPU
		{E17D154C-E7FC-4D70-AB93-58970DF73405}.Debug|Any CPU.Build.0 = Debug|Any CPU
		{E17D154C-E7FC-4D70-AB93-58970DF73405}.Release|Any CPU.ActiveCfg = Release|Any CPU
		{E17D154C-E7FC-4D70-AB93-58970DF73405}.Release|Any CPU.Build.0 = Release|Any CPU
		{11CC2A5F-5656-4DC7-8CCE-BA60CE46E653}.Debug|Any CPU.ActiveCfg = Debug|Any CPU
		{11CC2A5F-5656-4DC7-8CCE-BA60CE46E653}.Debug|Any CPU.Build.0 = Debug|Any CPU
		{11CC2A5F-5656-4DC7-8CCE-BA60CE46E653}.Release|Any CPU.ActiveCfg = Release|Any CPU
		{11CC2A5F-5656-4DC7-8CCE-BA60CE46E653}.Release|Any CPU.Build.0 = Release|Any CPU
		{FFCDAFC5-49BA-48AD-B6B6-9A2A6EE2479F}.Debug|Any CPU.ActiveCfg = Debug|Any CPU
		{FFCDAFC5-49BA-48AD-B6B6-9A2A6EE2479F}.Debug|Any CPU.Build.0 = Debug|Any CPU
		{FFCDAFC5-49BA-48AD-B6B6-9A2A6EE2479F}.Release|Any CPU.ActiveCfg = Release|Any CPU
		{FFCDAFC5-49BA-48AD-B6B6-9A2A6EE2479F}.Release|Any CPU.Build.0 = Release|Any CPU
	EndGlobalSection
	GlobalSection(SolutionProperties) = preSolution
		HideSolutionNode = FALSE
	EndGlobalSection
	GlobalSection(ExtensibilityGlobals) = postSolution
		SolutionGuid = {FE110472-016D-453E-8803-53479C2605B4}
	EndGlobalSection
EndGlobal
